// !$*UTF8*$!
{
	archiveVersion = 1;
	classes = {
	};
	objectVersion = 50;
	objects = {

/* Begin PBXBuildFile section */
		F8C0680923851E1F00FD0329 /* AppDelegate.m in Sources */ = {isa = PBXBuildFile; fileRef = F8C0680823851E1F00FD0329 /* AppDelegate.m */; };
		F8C0680C23851E1F00FD0329 /* SceneDelegate.m in Sources */ = {isa = PBXBuildFile; fileRef = F8C0680B23851E1F00FD0329 /* SceneDelegate.m */; };
		F8C0680F23851E1F00FD0329 /* ViewController.m in Sources */ = {isa = PBXBuildFile; fileRef = F8C0680E23851E1F00FD0329 /* ViewController.m */; };
		F8C0681223851E1F00FD0329 /* Main.storyboard in Resources */ = {isa = PBXBuildFile; fileRef = F8C0681023851E1F00FD0329 /* Main.storyboard */; };
		F8C0681423851E2100FD0329 /* Assets.xcassets in Resources */ = {isa = PBXBuildFile; fileRef = F8C0681323851E2100FD0329 /* Assets.xcassets */; };
		F8C0681723851E2100FD0329 /* LaunchScreen.storyboard in Resources */ = {isa = PBXBuildFile; fileRef = F8C0681523851E2100FD0329 /* LaunchScreen.storyboard */; };
		F8C0681A23851E2100FD0329 /* main.m in Sources */ = {isa = PBXBuildFile; fileRef = F8C0681923851E2100FD0329 /* main.m */; };
		F8C0682623851FC100FD0329 /* AppCenterCrashes.framework in Frameworks */ = {isa = PBXBuildFile; fileRef = F8C0682323851FC100FD0329 /* AppCenterCrashes.framework */; };
		F8C0682723851FC100FD0329 /* AppCenter.framework in Frameworks */ = {isa = PBXBuildFile; fileRef = F8C0682423851FC100FD0329 /* AppCenter.framework */; };
		F8C0682823851FC100FD0329 /* AppCenterAnalytics.framework in Frameworks */ = {isa = PBXBuildFile; fileRef = F8C0682523851FC100FD0329 /* AppCenterAnalytics.framework */; };
		F8C0682A238521AB00FD0329 /* AppCenterAuth.framework in Frameworks */ = {isa = PBXBuildFile; fileRef = F8C06829238521AB00FD0329 /* AppCenterAuth.framework */; };
		F8C0682E2385389100FD0329 /* AppCenterDistribute.framework in Frameworks */ = {isa = PBXBuildFile; fileRef = F8C0682B2385389100FD0329 /* AppCenterDistribute.framework */; };
		F8C0682F2385389100FD0329 /* AppCenterPush.framework in Frameworks */ = {isa = PBXBuildFile; fileRef = F8C0682C2385389100FD0329 /* AppCenterPush.framework */; };
		F8C068302385389100FD0329 /* AppCenterData.framework in Frameworks */ = {isa = PBXBuildFile; fileRef = F8C0682D2385389100FD0329 /* AppCenterData.framework */; };
/* End PBXBuildFile section */

/* Begin PBXFileReference section */
		F8C0680423851E1F00FD0329 /* Warnings.app */ = {isa = PBXFileReference; explicitFileType = wrapper.application; includeInIndex = 0; path = Warnings.app; sourceTree = BUILT_PRODUCTS_DIR; };
		F8C0680723851E1F00FD0329 /* AppDelegate.h */ = {isa = PBXFileReference; lastKnownFileType = sourcecode.c.h; path = AppDelegate.h; sourceTree = "<group>"; };
		F8C0680823851E1F00FD0329 /* AppDelegate.m */ = {isa = PBXFileReference; lastKnownFileType = sourcecode.c.objc; path = AppDelegate.m; sourceTree = "<group>"; };
		F8C0680A23851E1F00FD0329 /* SceneDelegate.h */ = {isa = PBXFileReference; lastKnownFileType = sourcecode.c.h; path = SceneDelegate.h; sourceTree = "<group>"; };
		F8C0680B23851E1F00FD0329 /* SceneDelegate.m */ = {isa = PBXFileReference; lastKnownFileType = sourcecode.c.objc; path = SceneDelegate.m; sourceTree = "<group>"; };
		F8C0680D23851E1F00FD0329 /* ViewController.h */ = {isa = PBXFileReference; lastKnownFileType = sourcecode.c.h; path = ViewController.h; sourceTree = "<group>"; };
		F8C0680E23851E1F00FD0329 /* ViewController.m */ = {isa = PBXFileReference; lastKnownFileType = sourcecode.c.objc; path = ViewController.m; sourceTree = "<group>"; };
		F8C0681123851E1F00FD0329 /* Base */ = {isa = PBXFileReference; lastKnownFileType = file.storyboard; name = Base; path = Base.lproj/Main.storyboard; sourceTree = "<group>"; };
		F8C0681323851E2100FD0329 /* Assets.xcassets */ = {isa = PBXFileReference; lastKnownFileType = folder.assetcatalog; path = Assets.xcassets; sourceTree = "<group>"; };
		F8C0681623851E2100FD0329 /* Base */ = {isa = PBXFileReference; lastKnownFileType = file.storyboard; name = Base; path = Base.lproj/LaunchScreen.storyboard; sourceTree = "<group>"; };
		F8C0681823851E2100FD0329 /* Info.plist */ = {isa = PBXFileReference; lastKnownFileType = text.plist.xml; path = Info.plist; sourceTree = "<group>"; };
		F8C0681923851E2100FD0329 /* main.m */ = {isa = PBXFileReference; lastKnownFileType = sourcecode.c.objc; path = main.m; sourceTree = "<group>"; };
		F8C0682323851FC100FD0329 /* AppCenterCrashes.framework */ = {isa = PBXFileReference; lastKnownFileType = wrapper.framework; path = AppCenterCrashes.framework; sourceTree = "<group>"; };
		F8C0682423851FC100FD0329 /* AppCenter.framework */ = {isa = PBXFileReference; lastKnownFileType = wrapper.framework; path = AppCenter.framework; sourceTree = "<group>"; };
		F8C0682523851FC100FD0329 /* AppCenterAnalytics.framework */ = {isa = PBXFileReference; lastKnownFileType = wrapper.framework; path = AppCenterAnalytics.framework; sourceTree = "<group>"; };
		F8C06829238521AB00FD0329 /* AppCenterAuth.framework */ = {isa = PBXFileReference; lastKnownFileType = wrapper.framework; path = AppCenterAuth.framework; sourceTree = "<group>"; };
		F8C0682B2385389100FD0329 /* AppCenterDistribute.framework */ = {isa = PBXFileReference; lastKnownFileType = wrapper.framework; path = AppCenterDistribute.framework; sourceTree = "<group>"; };
		F8C0682C2385389100FD0329 /* AppCenterPush.framework */ = {isa = PBXFileReference; lastKnownFileType = wrapper.framework; path = AppCenterPush.framework; sourceTree = "<group>"; };
		F8C0682D2385389100FD0329 /* AppCenterData.framework */ = {isa = PBXFileReference; lastKnownFileType = wrapper.framework; path = AppCenterData.framework; sourceTree = "<group>"; };
/* End PBXFileReference section */

/* Begin PBXFrameworksBuildPhase section */
		F8C0680123851E1F00FD0329 /* Frameworks */ = {
			isa = PBXFrameworksBuildPhase;
			buildActionMask = 2147483647;
			files = (
				F8C0682623851FC100FD0329 /* AppCenterCrashes.framework in Frameworks */,
				F8C0682E2385389100FD0329 /* AppCenterDistribute.framework in Frameworks */,
				F8C0682823851FC100FD0329 /* AppCenterAnalytics.framework in Frameworks */,
				F8C0682F2385389100FD0329 /* AppCenterPush.framework in Frameworks */,
				F8C0682723851FC100FD0329 /* AppCenter.framework in Frameworks */,
				F8C068302385389100FD0329 /* AppCenterData.framework in Frameworks */,
				F8C0682A238521AB00FD0329 /* AppCenterAuth.framework in Frameworks */,
			);
			runOnlyForDeploymentPostprocessing = 0;
		};
/* End PBXFrameworksBuildPhase section */

/* Begin PBXGroup section */
		F8C067FB23851E1F00FD0329 = {
			isa = PBXGroup;
			children = (
				F8C0680623851E1F00FD0329 /* Warnings */,
				F8C0680523851E1F00FD0329 /* Products */,
			);
			sourceTree = "<group>";
		};
		F8C0680523851E1F00FD0329 /* Products */ = {
			isa = PBXGroup;
			children = (
				F8C0680423851E1F00FD0329 /* Warnings.app */,
			);
			name = Products;
			sourceTree = "<group>";
		};
		F8C0680623851E1F00FD0329 /* Warnings */ = {
			isa = PBXGroup;
			children = (
				F8C0682223851F2A00FD0329 /* Vendor */,
				F8C0680723851E1F00FD0329 /* AppDelegate.h */,
				F8C0680823851E1F00FD0329 /* AppDelegate.m */,
				F8C0680A23851E1F00FD0329 /* SceneDelegate.h */,
				F8C0680B23851E1F00FD0329 /* SceneDelegate.m */,
				F8C0680D23851E1F00FD0329 /* ViewController.h */,
				F8C0680E23851E1F00FD0329 /* ViewController.m */,
				F8C0681023851E1F00FD0329 /* Main.storyboard */,
				F8C0681323851E2100FD0329 /* Assets.xcassets */,
				F8C0681523851E2100FD0329 /* LaunchScreen.storyboard */,
				F8C0681823851E2100FD0329 /* Info.plist */,
				F8C0681923851E2100FD0329 /* main.m */,
			);
			path = Warnings;
			sourceTree = "<group>";
		};
		F8C0682223851F2A00FD0329 /* Vendor */ = {
			isa = PBXGroup;
			children = (
				F8C0682D2385389100FD0329 /* AppCenterData.framework */,
				F8C0682B2385389100FD0329 /* AppCenterDistribute.framework */,
				F8C0682C2385389100FD0329 /* AppCenterPush.framework */,
				F8C06829238521AB00FD0329 /* AppCenterAuth.framework */,
				F8C0682423851FC100FD0329 /* AppCenter.framework */,
				F8C0682523851FC100FD0329 /* AppCenterAnalytics.framework */,
				F8C0682323851FC100FD0329 /* AppCenterCrashes.framework */,
			);
			path = Vendor;
			sourceTree = "<group>";
		};
/* End PBXGroup section */

/* Begin PBXNativeTarget section */
		F8C0680323851E1F00FD0329 /* Warnings */ = {
			isa = PBXNativeTarget;
			buildConfigurationList = F8C0681D23851E2100FD0329 /* Build configuration list for PBXNativeTarget "Warnings" */;
			buildPhases = (
				F8C0680023851E1F00FD0329 /* Sources */,
				F8C0680123851E1F00FD0329 /* Frameworks */,
				F8C0680223851E1F00FD0329 /* Resources */,
			);
			buildRules = (
			);
			dependencies = (
			);
			name = Warnings;
			productName = Warnings;
			productReference = F8C0680423851E1F00FD0329 /* Warnings.app */;
			productType = "com.apple.product-type.application";
		};
/* End PBXNativeTarget section */

/* Begin PBXProject section */
		F8C067FC23851E1F00FD0329 /* Project object */ = {
			isa = PBXProject;
			attributes = {
				LastUpgradeCheck = 1120;
				ORGANIZATIONNAME = OlegMisal;
				TargetAttributes = {
					F8C0680323851E1F00FD0329 = {
						CreatedOnToolsVersion = 11.2.1;
					};
				};
			};
			buildConfigurationList = F8C067FF23851E1F00FD0329 /* Build configuration list for PBXProject "Warnings" */;
			compatibilityVersion = "Xcode 9.3";
			developmentRegion = en;
			hasScannedForEncodings = 0;
			knownRegions = (
				en,
				Base,
			);
			mainGroup = F8C067FB23851E1F00FD0329;
			productRefGroup = F8C0680523851E1F00FD0329 /* Products */;
			projectDirPath = "";
			projectRoot = "";
			targets = (
				F8C0680323851E1F00FD0329 /* Warnings */,
			);
		};
/* End PBXProject section */

/* Begin PBXResourcesBuildPhase section */
		F8C0680223851E1F00FD0329 /* Resources */ = {
			isa = PBXResourcesBuildPhase;
			buildActionMask = 2147483647;
			files = (
				F8C0681723851E2100FD0329 /* LaunchScreen.storyboard in Resources */,
				F8C0681423851E2100FD0329 /* Assets.xcassets in Resources */,
				F8C0681223851E1F00FD0329 /* Main.storyboard in Resources */,
			);
			runOnlyForDeploymentPostprocessing = 0;
		};
/* End PBXResourcesBuildPhase section */

/* Begin PBXSourcesBuildPhase section */
		F8C0680023851E1F00FD0329 /* Sources */ = {
			isa = PBXSourcesBuildPhase;
			buildActionMask = 2147483647;
			files = (
				F8C0680F23851E1F00FD0329 /* ViewController.m in Sources */,
				F8C0680923851E1F00FD0329 /* AppDelegate.m in Sources */,
				F8C0681A23851E2100FD0329 /* main.m in Sources */,
				F8C0680C23851E1F00FD0329 /* SceneDelegate.m in Sources */,
			);
			runOnlyForDeploymentPostprocessing = 0;
		};
/* End PBXSourcesBuildPhase section */

/* Begin PBXVariantGroup section */
		F8C0681023851E1F00FD0329 /* Main.storyboard */ = {
			isa = PBXVariantGroup;
			children = (
				F8C0681123851E1F00FD0329 /* Base */,
			);
			name = Main.storyboard;
			sourceTree = "<group>";
		};
		F8C0681523851E2100FD0329 /* LaunchScreen.storyboard */ = {
			isa = PBXVariantGroup;
			children = (
				F8C0681623851E2100FD0329 /* Base */,
			);
			name = LaunchScreen.storyboard;
			sourceTree = "<group>";
		};
/* End PBXVariantGroup section */

/* Begin XCBuildConfiguration section */
		F8C0681B23851E2100FD0329 /* Debug */ = {
			isa = XCBuildConfiguration;
			buildSettings = {
				ALWAYS_SEARCH_USER_PATHS = NO;
				CLANG_ANALYZER_NONNULL = YES;
				CLANG_ANALYZER_NUMBER_OBJECT_CONVERSION = YES_AGGRESSIVE;
				CLANG_CXX_LANGUAGE_STANDARD = "gnu++14";
				CLANG_CXX_LIBRARY = "libc++";
				CLANG_ENABLE_MODULES = YES;
				CLANG_ENABLE_OBJC_ARC = YES;
				CLANG_ENABLE_OBJC_WEAK = YES;
				CLANG_WARN_BLOCK_CAPTURE_AUTORELEASING = YES;
				CLANG_WARN_BOOL_CONVERSION = YES;
				CLANG_WARN_COMMA = YES;
				CLANG_WARN_CONSTANT_CONVERSION = YES;
				CLANG_WARN_DEPRECATED_OBJC_IMPLEMENTATIONS = YES;
				CLANG_WARN_DIRECT_OBJC_ISA_USAGE = YES_ERROR;
				CLANG_WARN_DOCUMENTATION_COMMENTS = YES;
				CLANG_WARN_EMPTY_BODY = YES;
				CLANG_WARN_ENUM_CONVERSION = YES;
				CLANG_WARN_INFINITE_RECURSION = YES;
				CLANG_WARN_INT_CONVERSION = YES;
				CLANG_WARN_NON_LITERAL_NULL_CONVERSION = YES;
				CLANG_WARN_OBJC_IMPLICIT_RETAIN_SELF = YES;
				CLANG_WARN_OBJC_LITERAL_CONVERSION = YES;
				CLANG_WARN_OBJC_ROOT_CLASS = YES_ERROR;
				CLANG_WARN_RANGE_LOOP_ANALYSIS = YES;
				CLANG_WARN_STRICT_PROTOTYPES = YES;
				CLANG_WARN_SUSPICIOUS_MOVE = YES;
				CLANG_WARN_UNGUARDED_AVAILABILITY = YES_AGGRESSIVE;
				CLANG_WARN_UNREACHABLE_CODE = YES;
				CLANG_WARN__DUPLICATE_METHOD_MATCH = YES;
				COPY_PHASE_STRIP = NO;
				DEBUG_INFORMATION_FORMAT = dwarf;
				ENABLE_STRICT_OBJC_MSGSEND = YES;
				ENABLE_TESTABILITY = YES;
				GCC_C_LANGUAGE_STANDARD = gnu11;
				GCC_DYNAMIC_NO_PIC = NO;
				GCC_NO_COMMON_BLOCKS = YES;
				GCC_OPTIMIZATION_LEVEL = 0;
				GCC_PREPROCESSOR_DEFINITIONS = (
					"DEBUG=1",
					"$(inherited)",
				);
				GCC_WARN_64_TO_32_BIT_CONVERSION = YES;
				GCC_WARN_ABOUT_RETURN_TYPE = YES_ERROR;
				GCC_WARN_UNDECLARED_SELECTOR = YES;
				GCC_WARN_UNINITIALIZED_AUTOS = YES_AGGRESSIVE;
				GCC_WARN_UNUSED_FUNCTION = YES;
				GCC_WARN_UNUSED_VARIABLE = YES;
				IPHONEOS_DEPLOYMENT_TARGET = 13.2;
				MTL_ENABLE_DEBUG_INFO = INCLUDE_SOURCE;
				MTL_FAST_MATH = YES;
				ONLY_ACTIVE_ARCH = YES;
				SDKROOT = iphoneos;
			};
			name = Debug;
		};
		F8C0681C23851E2100FD0329 /* Release */ = {
			isa = XCBuildConfiguration;
			buildSettings = {
				ALWAYS_SEARCH_USER_PATHS = NO;
				CLANG_ANALYZER_NONNULL = YES;
				CLANG_ANALYZER_NUMBER_OBJECT_CONVERSION = YES_AGGRESSIVE;
				CLANG_CXX_LANGUAGE_STANDARD = "gnu++14";
				CLANG_CXX_LIBRARY = "libc++";
				CLANG_ENABLE_MODULES = YES;
				CLANG_ENABLE_OBJC_ARC = YES;
				CLANG_ENABLE_OBJC_WEAK = YES;
				CLANG_WARN_BLOCK_CAPTURE_AUTORELEASING = YES;
				CLANG_WARN_BOOL_CONVERSION = YES;
				CLANG_WARN_COMMA = YES;
				CLANG_WARN_CONSTANT_CONVERSION = YES;
				CLANG_WARN_DEPRECATED_OBJC_IMPLEMENTATIONS = YES;
				CLANG_WARN_DIRECT_OBJC_ISA_USAGE = YES_ERROR;
				CLANG_WARN_DOCUMENTATION_COMMENTS = YES;
				CLANG_WARN_EMPTY_BODY = YES;
				CLANG_WARN_ENUM_CONVERSION = YES;
				CLANG_WARN_INFINITE_RECURSION = YES;
				CLANG_WARN_INT_CONVERSION = YES;
				CLANG_WARN_NON_LITERAL_NULL_CONVERSION = YES;
				CLANG_WARN_OBJC_IMPLICIT_RETAIN_SELF = YES;
				CLANG_WARN_OBJC_LITERAL_CONVERSION = YES;
				CLANG_WARN_OBJC_ROOT_CLASS = YES_ERROR;
				CLANG_WARN_RANGE_LOOP_ANALYSIS = YES;
				CLANG_WARN_STRICT_PROTOTYPES = YES;
				CLANG_WARN_SUSPICIOUS_MOVE = YES;
				CLANG_WARN_UNGUARDED_AVAILABILITY = YES_AGGRESSIVE;
				CLANG_WARN_UNREACHABLE_CODE = YES;
				CLANG_WARN__DUPLICATE_METHOD_MATCH = YES;
				COPY_PHASE_STRIP = NO;
				DEBUG_INFORMATION_FORMAT = "dwarf-with-dsym";
				ENABLE_NS_ASSERTIONS = NO;
				ENABLE_STRICT_OBJC_MSGSEND = YES;
				GCC_C_LANGUAGE_STANDARD = gnu11;
				GCC_NO_COMMON_BLOCKS = YES;
				GCC_WARN_64_TO_32_BIT_CONVERSION = YES;
				GCC_WARN_ABOUT_RETURN_TYPE = YES_ERROR;
				GCC_WARN_UNDECLARED_SELECTOR = YES;
				GCC_WARN_UNINITIALIZED_AUTOS = YES_AGGRESSIVE;
				GCC_WARN_UNUSED_FUNCTION = YES;
				GCC_WARN_UNUSED_VARIABLE = YES;
				IPHONEOS_DEPLOYMENT_TARGET = 13.2;
				MTL_ENABLE_DEBUG_INFO = NO;
				MTL_FAST_MATH = YES;
				SDKROOT = iphoneos;
				VALIDATE_PRODUCT = YES;
			};
			name = Release;
		};
		F8C0681E23851E2100FD0329 /* Debug */ = {
			isa = XCBuildConfiguration;
			buildSettings = {
				ASSETCATALOG_COMPILER_APPICON_NAME = AppIcon;
				CODE_SIGN_STYLE = Automatic;
				DEVELOPMENT_TEAM = 285W24646W;
				FRAMEWORK_SEARCH_PATHS = (
					"$(inherited)",
					"$(PROJECT_DIR)/Warnings/Vendor",
				);
				INFOPLIST_FILE = Warnings/Info.plist;
				LD_RUNPATH_SEARCH_PATHS = (
					"$(inherited)",
					"@executable_path/Frameworks",
				);
				PRODUCT_BUNDLE_IDENTIFIER = home.Warnings;
				PRODUCT_NAME = "$(TARGET_NAME)";
				TARGETED_DEVICE_FAMILY = "1,2";
			};
			name = Debug;
		};
		F8C0681F23851E2100FD0329 /* Release */ = {
			isa = XCBuildConfiguration;
			buildSettings = {
				ASSETCATALOG_COMPILER_APPICON_NAME = AppIcon;
				CODE_SIGN_STYLE = Automatic;
				DEVELOPMENT_TEAM = 285W24646W;
				FRAMEWORK_SEARCH_PATHS = (
					"$(inherited)",
					"$(PROJECT_DIR)/Warnings/Vendor",
				);
				INFOPLIST_FILE = Warnings/Info.plist;
				LD_RUNPATH_SEARCH_PATHS = (
					"$(inherited)",
					"@executable_path/Frameworks",
				);
				PRODUCT_BUNDLE_IDENTIFIER = home.Warnings;
				PRODUCT_NAME = "$(TARGET_NAME)";
				TARGETED_DEVICE_FAMILY = "1,2";
			};
			name = Release;
		};
/* End XCBuildConfiguration section */

/* Begin XCConfigurationList section */
		F8C067FF23851E1F00FD0329 /* Build configuration list for PBXProject "Warnings" */ = {
			isa = XCConfigurationList;
			buildConfigurations = (
				F8C0681B23851E2100FD0329 /* Debug */,
				F8C0681C23851E2100FD0329 /* Release */,
			);
			defaultConfigurationIsVisible = 0;
			defaultConfigurationName = Release;
		};
		F8C0681D23851E2100FD0329 /* Build configuration list for PBXNativeTarget "Warnings" */ = {
			isa = XCConfigurationList;
			buildConfigurations = (
				F8C0681E23851E2100FD0329 /* Debug */,
				F8C0681F23851E2100FD0329 /* Release */,
			);
			defaultConfigurationIsVisible = 0;
			defaultConfigurationName = Release;
		};
/* End XCConfigurationList section */
	};
	rootObject = F8C067FC23851E1F00FD0329 /* Project object */;
}
